
Microsoft Visual Studio Solution File, Format Version 12.00
# Visual Studio 15
VisualStudioVersion = 15.0.27130.2036
MinimumVisualStudioVersion = 10.0.40219.1
Project("{2150E333-8FDC-42A3-9474-1A3956D46DE8}") = "src", "src", "{6057DF4A-35DE-48F0-B070-7FC5C1D1169E}"
EndProject
Project("{2150E333-8FDC-42A3-9474-1A3956D46DE8}") = "solution items", "solution items", "{1A47983A-EF2F-4857-9C13-CC23EC7FC495}"
	ProjectSection(SolutionItems) = preProject
		solution items\configmap.md = solution items\configmap.md
		solution items\create-self-signed-certificates.md = solution items\create-self-signed-certificates.md
		solution items\data-packed-volume-container-Dockerfile = solution items\data-packed-volume-container-Dockerfile
		solution items\deployment-spec-annotations.yml = solution items\deployment-spec-annotations.yml
		solution items\docker-commands-summary.md = solution items\docker-commands-summary.md
		solution items\docker-compose-annotations.yml = solution items\docker-compose-annotations.yml
		solution items\dockerfile-annotations.md = solution items\dockerfile-annotations.md
		solution items\k8s-cluster-building.md = solution items\k8s-cluster-building.md
		solution items\k8s-commands-summary.md = solution items\k8s-commands-summary.md
		solution items\k8s-control-plannel-images.sh = solution items\k8s-control-plannel-images.sh
		solution items\k8s-private-registry-building.md = solution items\k8s-private-registry-building.md
		solution items\pod-spec-annotations.yml = solution items\pod-spec-annotations.yml
		solution items\private-registry-building.md = solution items\private-registry-building.md
		solution items\service-account-admin.md = solution items\service-account-admin.md
		solution items\service-account-admin.yml = solution items\service-account-admin.yml
		solution items\service-spec-annotations.yml = solution items\service-spec-annotations.yml
	EndProjectSection
EndProject
Project("{9A19103F-16F7-4668-BE54-9A1E7A4F7556}") = "HealthChecks.Api", "src\HealthChecks.Api\HealthChecks.Api.csproj", "{2B518C1A-0095-4FB5-AC45-FBC0293E4751}"
EndProject
Project("{E53339B2-1760-4266-BCC7-CA923CBCF16C}") = "docker-compose", "docker-compose.dcproj", "{6E524B4D-E574-4998-B15D-B4B454355794}"
EndProject
Project("{9A19103F-16F7-4668-BE54-9A1E7A4F7556}") = "HelloWorld.Api", "src\HelloWorld.Api\HelloWorld.Api.csproj", "{13715DBF-3AA3-43FB-8FF8-E2B6BDA3E810}"
EndProject
Project("{2150E333-8FDC-42A3-9474-1A3956D46DE8}") = "secret", "secret", "{E731197B-79DC-4846-A565-7E49AC5AACC0}"
	ProjectSection(SolutionItems) = preProject
		solution items\secret\pod-with-secret-in-env.yml = solution items\secret\pod-with-secret-in-env.yml
		solution items\secret\pod-with-secret-in-volume.yml = solution items\secret\pod-with-secret-in-volume.yml
		solution items\secret\secret-commands-summary.md = solution items\secret\secret-commands-summary.md
		solution items\secret\secret-spec-annotations.yml = solution items\secret\secret-spec-annotations.yml
	EndProjectSection
EndProject
Project("{2150E333-8FDC-42A3-9474-1A3956D46DE8}") = "configmap", "configmap", "{1291443F-1E89-4750-AECF-46974847E827}"
	ProjectSection(SolutionItems) = preProject
		solution items\configmap\configmap-commands-summary.md = solution items\configmap\configmap-commands-summary.md
		solution items\configmap\configmap-spec-annotations.yml = solution items\configmap\configmap-spec-annotations.yml
		solution items\configmap\configmap-with-secret-in-env.yml = solution items\configmap\configmap-with-secret-in-env.yml
		solution items\configmap\configmap-with-secret-in-volume.yml = solution items\configmap\configmap-with-secret-in-volume.yml
	EndProjectSection
EndProject
Project("{2150E333-8FDC-42A3-9474-1A3956D46DE8}") = "volume", "volume", "{8EF35DA7-592A-4997-9038-E3925370E65F}"
	ProjectSection(SolutionItems) = preProject
		solution items\volume\dynamic-provisioning.yml = solution items\volume\dynamic-provisioning.yml
		solution items\volume\empDir.yml = solution items\volume\empDir.yml
		solution items\volume\mysql-pv.yml = solution items\volume\mysql-pv.yml
		solution items\volume\mysql-pvc.yml = solution items\volume\mysql-pvc.yml
		solution items\volume\mysql.yml = solution items\volume\mysql.yml
		solution items\volume\persistent-volume-claim.yml = solution items\volume\persistent-volume-claim.yml
		solution items\volume\persistent-volume.yml = solution items\volume\persistent-volume.yml
		solution items\volume\volume-commands-summary.md = solution items\volume\volume-commands-summary.md
	EndProjectSection
EndProject
Project("{2150E333-8FDC-42A3-9474-1A3956D46DE8}") = "dashboard", "dashboard", "{8964D5E9-D116-4CB5-8196-6B99858FD402}"
	ProjectSection(SolutionItems) = preProject
		solution items\dashboard\dashboard.yml = solution items\dashboard\dashboard.yml
	EndProjectSection
EndProject
Global
	GlobalSection(SolutionConfigurationPlatforms) = preSolution
		Debug|Any CPU = Debug|Any CPU
		Release|Any CPU = Release|Any CPU
	EndGlobalSection
	GlobalSection(ProjectConfigurationPlatforms) = postSolution
		{2B518C1A-0095-4FB5-AC45-FBC0293E4751}.Debug|Any CPU.ActiveCfg = Debug|Any CPU
		{2B518C1A-0095-4FB5-AC45-FBC0293E4751}.Debug|Any CPU.Build.0 = Debug|Any CPU
		{2B518C1A-0095-4FB5-AC45-FBC0293E4751}.Release|Any CPU.ActiveCfg = Release|Any CPU
		{2B518C1A-0095-4FB5-AC45-FBC0293E4751}.Release|Any CPU.Build.0 = Release|Any CPU
		{6E524B4D-E574-4998-B15D-B4B454355794}.Debug|Any CPU.ActiveCfg = Debug|Any CPU
		{6E524B4D-E574-4998-B15D-B4B454355794}.Debug|Any CPU.Build.0 = Debug|Any CPU
		{6E524B4D-E574-4998-B15D-B4B454355794}.Release|Any CPU.ActiveCfg = Release|Any CPU
		{6E524B4D-E574-4998-B15D-B4B454355794}.Release|Any CPU.Build.0 = Release|Any CPU
		{13715DBF-3AA3-43FB-8FF8-E2B6BDA3E810}.Debug|Any CPU.ActiveCfg = Debug|Any CPU
		{13715DBF-3AA3-43FB-8FF8-E2B6BDA3E810}.Debug|Any CPU.Build.0 = Debug|Any CPU
		{13715DBF-3AA3-43FB-8FF8-E2B6BDA3E810}.Release|Any CPU.ActiveCfg = Release|Any CPU
		{13715DBF-3AA3-43FB-8FF8-E2B6BDA3E810}.Release|Any CPU.Build.0 = Release|Any CPU
	EndGlobalSection
	GlobalSection(SolutionProperties) = preSolution
		HideSolutionNode = FALSE
	EndGlobalSection
	GlobalSection(NestedProjects) = preSolution
		{2B518C1A-0095-4FB5-AC45-FBC0293E4751} = {6057DF4A-35DE-48F0-B070-7FC5C1D1169E}
		{13715DBF-3AA3-43FB-8FF8-E2B6BDA3E810} = {6057DF4A-35DE-48F0-B070-7FC5C1D1169E}
		{E731197B-79DC-4846-A565-7E49AC5AACC0} = {1A47983A-EF2F-4857-9C13-CC23EC7FC495}
		{1291443F-1E89-4750-AECF-46974847E827} = {1A47983A-EF2F-4857-9C13-CC23EC7FC495}
		{8EF35DA7-592A-4997-9038-E3925370E65F} = {1A47983A-EF2F-4857-9C13-CC23EC7FC495}
		{8964D5E9-D116-4CB5-8196-6B99858FD402} = {1A47983A-EF2F-4857-9C13-CC23EC7FC495}
	EndGlobalSection
	GlobalSection(ExtensibilityGlobals) = postSolution
		SolutionGuid = {404CA4B7-EDF7-4FFD-972E-FF4D00AD2BA7}
	EndGlobalSection
EndGlobal
